PODS:
  - Flutter (1.0.0)
  - integration_test (0.0.1):
    - Flutter
  - "permission_handler (5.1.0+2)":
    - Flutter
  - roam-ios (0.0.7)
  - roam_flutter (0.0.11):
    - Flutter
    - roam-ios (~> 0.0.7)

DEPENDENCIES:
  - Flutter (from `Flutter`)
  - integration_test (from `.symlinks/plugins/integration_test/ios`)
  - permission_handler (from `.symlinks/plugins/permission_handler/ios`)
  - roam_flutter (from `.symlinks/plugins/roam_flutter/ios`)

SPEC REPOS:
  trunk:
    - roam-ios

EXTERNAL SOURCES:
  Flutter:
    :path: Flutter
  integration_test:
    :path: ".symlinks/plugins/integration_test/ios"
  permission_handler:
    :path: ".symlinks/plugins/permission_handler/ios"
  roam_flutter:
    :path: ".symlinks/plugins/roam_flutter/ios"

SPEC CHECKSUMS:
  Flutter: 434fef37c0980e73bb6479ef766c45957d4b510c
  integration_test: 6eb66a19f7104200dcfdd62bc0077e1b09686e4f
  permission_handler: ccb20a9fad0ee9b1314a52b70b76b473c5f8dab0
  roam-ios: 86e6fec15d1ab0ae08297f3b20c9f0f528f6405e
  roam_flutter: 2cac84d932a6775c2964e25b45986e19811acdb3

PODFILE CHECKSUM: fe0e1ee7f3d1f7d00b11b474b62dd62134535aea

COCOAPODS: 1.10.1
